PODS:
  - Alamofire (5.4.2)
  - Kingfisher (6.1.1)
  - youtube-ios-player-helper (1.0.3)

DEPENDENCIES:
  - Alamofire (~> 5.4.2)
  - Kingfisher (~> 6.1.0)
  - youtube-ios-player-helper (~> 1.0.3)

SPEC REPOS:
  trunk:
    - Alamofire
    - Kingfisher
    - youtube-ios-player-helper

SPEC CHECKSUMS:
  Alamofire: bfbc4c2fe5909b1d94fb4ef2277c6b3727ef5dae
  Kingfisher: 676d63307fbef6ed5d5ed400bff36983480d7500
  youtube-ios-player-helper: 0185c57db23c80d63d6ca11251d110abb8a4ca61

PODFILE CHECKSUM: 6b7cf9c7b33015ce25be31af0721907659caa84a

COCOAPODS: 1.10.1
